
Microsoft Visual Studio Solution File, Format Version 12.00
# Visual Studio Version 17
VisualStudioVersion = 17.7.34031.279
MinimumVisualStudioVersion = 10.0.40219.1
Project("{2150E333-8FDC-42A3-9474-1A3956D46DE8}") = "Telegram_Bot", "Telegram_Bot", "{126A61F3-AB2B-4497-95AD-64A6DFDD4304}"
EndProject
Project("{9A19103F-16F7-4668-BE54-9A1E7A4F7556}") = "Insta_Send_Vido", "Insta_Send_Vido\Insta_Send_Vido.csproj", "{C07B6329-CAB6-4CD9-B68B-2E3976914CCC}"
EndProject
Project("{2150E333-8FDC-42A3-9474-1A3956D46DE8}") = "Db_Context", "Db_Context", "{2497B0C0-44AE-4299-BD2D-8AFCCF6191F2}"
EndProject
Project("{2150E333-8FDC-42A3-9474-1A3956D46DE8}") = "One_To_Many", "One_To_Many", "{8D7021AF-626A-4ED7-81A1-A859550444E8}"
EndProject
Project("{9A19103F-16F7-4668-BE54-9A1E7A4F7556}") = "One_to_Many", "One_to_Many\One_to_Many.csproj", "{91CD2823-8E4D-4879-BA30-E275CAC82704}"
EndProject
Project("{2150E333-8FDC-42A3-9474-1A3956D46DE8}") = "Postgrest", "Postgrest", "{4D0B16A4-A56F-4DEB-905D-FA4D28FF8232}"
EndProject
Project("{9A19103F-16F7-4668-BE54-9A1E7A4F7556}") = "Postgres_Function", "Postgres_Function\Postgres_Function.csproj", "{4B27CC42-54C6-491C-8C25-A630F887897B}"
EndProject
Project("{9A19103F-16F7-4668-BE54-9A1E7A4F7556}") = "db+c0ntext", "db+c0ntext\db+c0ntext.csproj", "{C5355C7E-9248-47DE-99B6-99426FFF559D}"
EndProject
Project("{2150E333-8FDC-42A3-9474-1A3956D46DE8}") = "Ado.net", "Ado.net", "{E11E2CAA-5093-4187-91D7-A3D961953660}"
EndProject
Project("{9A19103F-16F7-4668-BE54-9A1E7A4F7556}") = "Ado_net", "Ado_net\Ado_net.csproj", "{E511C707-78C5-4003-83C0-45AC94C55737}"
EndProject
Project("{9A19103F-16F7-4668-BE54-9A1E7A4F7556}") = "Task1", "Task1\Task1.csproj", "{3DF4B605-72D0-4B50-83E2-90F3B0CCC191}"
EndProject
Project("{2150E333-8FDC-42A3-9474-1A3956D46DE8}") = "Task", "Task", "{F17B0FF9-CD0F-41E2-B694-5B81DFE5F7AC}"
EndProject
Project("{FAE04EC0-301F-11D3-BF4B-00C04F79EFBC}") = "Char_Solution", "Char_Solution\Char_Solution.csproj", "{681F43D0-04B8-4EF6-B660-BB2CE14D3BA3}"
EndProject
Global
	GlobalSection(SolutionConfigurationPlatforms) = preSolution
		Debug|Any CPU = Debug|Any CPU
		Release|Any CPU = Release|Any CPU
	EndGlobalSection
	GlobalSection(ProjectConfigurationPlatforms) = postSolution
		{C07B6329-CAB6-4CD9-B68B-2E3976914CCC}.Debug|Any CPU.ActiveCfg = Debug|Any CPU
		{C07B6329-CAB6-4CD9-B68B-2E3976914CCC}.Debug|Any CPU.Build.0 = Debug|Any CPU
		{C07B6329-CAB6-4CD9-B68B-2E3976914CCC}.Release|Any CPU.ActiveCfg = Release|Any CPU
		{C07B6329-CAB6-4CD9-B68B-2E3976914CCC}.Release|Any CPU.Build.0 = Release|Any CPU
		{91CD2823-8E4D-4879-BA30-E275CAC82704}.Debug|Any CPU.ActiveCfg = Debug|Any CPU
		{91CD2823-8E4D-4879-BA30-E275CAC82704}.Debug|Any CPU.Build.0 = Debug|Any CPU
		{91CD2823-8E4D-4879-BA30-E275CAC82704}.Release|Any CPU.ActiveCfg = Release|Any CPU
		{91CD2823-8E4D-4879-BA30-E275CAC82704}.Release|Any CPU.Build.0 = Release|Any CPU
		{4B27CC42-54C6-491C-8C25-A630F887897B}.Debug|Any CPU.ActiveCfg = Debug|Any CPU
		{4B27CC42-54C6-491C-8C25-A630F887897B}.Debug|Any CPU.Build.0 = Debug|Any CPU
		{4B27CC42-54C6-491C-8C25-A630F887897B}.Release|Any CPU.ActiveCfg = Release|Any CPU
		{4B27CC42-54C6-491C-8C25-A630F887897B}.Release|Any CPU.Build.0 = Release|Any CPU
		{C5355C7E-9248-47DE-99B6-99426FFF559D}.Debug|Any CPU.ActiveCfg = Debug|Any CPU
		{C5355C7E-9248-47DE-99B6-99426FFF559D}.Debug|Any CPU.Build.0 = Debug|Any CPU
		{C5355C7E-9248-47DE-99B6-99426FFF559D}.Release|Any CPU.ActiveCfg = Release|Any CPU
		{C5355C7E-9248-47DE-99B6-99426FFF559D}.Release|Any CPU.Build.0 = Release|Any CPU
		{E511C707-78C5-4003-83C0-45AC94C55737}.Debug|Any CPU.ActiveCfg = Debug|Any CPU
		{E511C707-78C5-4003-83C0-45AC94C55737}.Debug|Any CPU.Build.0 = Debug|Any CPU
		{E511C707-78C5-4003-83C0-45AC94C55737}.Release|Any CPU.ActiveCfg = Release|Any CPU
		{E511C707-78C5-4003-83C0-45AC94C55737}.Release|Any CPU.Build.0 = Release|Any CPU
		{3DF4B605-72D0-4B50-83E2-90F3B0CCC191}.Debug|Any CPU.ActiveCfg = Debug|Any CPU
		{3DF4B605-72D0-4B50-83E2-90F3B0CCC191}.Debug|Any CPU.Build.0 = Debug|Any CPU
		{3DF4B605-72D0-4B50-83E2-90F3B0CCC191}.Release|Any CPU.ActiveCfg = Release|Any CPU
		{3DF4B605-72D0-4B50-83E2-90F3B0CCC191}.Release|Any CPU.Build.0 = Release|Any CPU
		{681F43D0-04B8-4EF6-B660-BB2CE14D3BA3}.Debug|Any CPU.ActiveCfg = Debug|Any CPU
		{681F43D0-04B8-4EF6-B660-BB2CE14D3BA3}.Debug|Any CPU.Build.0 = Debug|Any CPU
		{681F43D0-04B8-4EF6-B660-BB2CE14D3BA3}.Release|Any CPU.ActiveCfg = Release|Any CPU
		{681F43D0-04B8-4EF6-B660-BB2CE14D3BA3}.Release|Any CPU.Build.0 = Release|Any CPU
	EndGlobalSection
	GlobalSection(SolutionProperties) = preSolution
		HideSolutionNode = FALSE
	EndGlobalSection
	GlobalSection(NestedProjects) = preSolution
		{C07B6329-CAB6-4CD9-B68B-2E3976914CCC} = {126A61F3-AB2B-4497-95AD-64A6DFDD4304}
		{91CD2823-8E4D-4879-BA30-E275CAC82704} = {8D7021AF-626A-4ED7-81A1-A859550444E8}
		{4B27CC42-54C6-491C-8C25-A630F887897B} = {2497B0C0-44AE-4299-BD2D-8AFCCF6191F2}
		{C5355C7E-9248-47DE-99B6-99426FFF559D} = {2497B0C0-44AE-4299-BD2D-8AFCCF6191F2}
		{E511C707-78C5-4003-83C0-45AC94C55737} = {E11E2CAA-5093-4187-91D7-A3D961953660}
		{3DF4B605-72D0-4B50-83E2-90F3B0CCC191} = {E11E2CAA-5093-4187-91D7-A3D961953660}
		{681F43D0-04B8-4EF6-B660-BB2CE14D3BA3} = {F17B0FF9-CD0F-41E2-B694-5B81DFE5F7AC}
	EndGlobalSection
	GlobalSection(ExtensibilityGlobals) = postSolution
		SolutionGuid = {FF1E82C3-7F64-4180-BBFF-4B72FAD683EA}
	EndGlobalSection
EndGlobal
